{
  "name": "rui-select",
  "version": "1.0.0",
  "lockfileVersion": 3,
  "requires": true,
  "packages": {
    "": {
      "name": "rui-select",
      "version": "1.0.0",
      "license": "ISC",
      "dependencies": {
        "@react-aria/button": "^3.9.1",
        "@react-aria/combobox": "^3.8.2",
        "@react-aria/i18n": "^3.10.0",
        "@react-aria/listbox": "^3.11.3",
        "@react-aria/overlays": "^3.20.0",
        "@react-aria/searchfield": "^3.7.1",
        "@react-aria/textfield": "^3.14.1",
        "@react-stately/collections": "^3.10.4",
        "@react-stately/combobox": "^3.8.1",
        "@react-stately/list": "^3.10.2",
        "@react-stately/overlays": "^3.6.4",
        "@react-stately/searchfield": "^3.5.0",
        "@react-types/shared": "^3.22.0"
      }
    },
    "node_modules/@formatjs/ecma402-abstract": {
      "version": "1.18.2",
      "resolved": "https://registry.npmjs.org/@formatjs/ecma402-abstract/-/ecma402-abstract-1.18.2.tgz",
      "integrity": "sha512-+QoPW4csYALsQIl8GbN14igZzDbuwzcpWrku9nyMXlaqAlwRBgl5V+p0vWMGFqHOw37czNXaP/lEk4wbLgcmtA==",
      "dependencies": {
        "@formatjs/intl-localematcher": "0.5.4",
        "tslib": "^2.4.0"
      }
    },
    "node_modules/@formatjs/fast-memoize": {
      "version": "2.2.0",
      "resolved": "https://registry.npmjs.org/@formatjs/fast-memoize/-/fast-memoize-2.2.0.tgz",
      "integrity": "sha512-hnk/nY8FyrL5YxwP9e4r9dqeM6cAbo8PeU9UjyXojZMNvVad2Z06FAVHyR3Ecw6fza+0GH7vdJgiKIVXTMbSBA==",
      "dependencies": {
        "tslib": "^2.4.0"
      }
    },
    "node_modules/@formatjs/icu-messageformat-parser": {
      "version": "2.7.5",
      "resolved": "https://registry.npmjs.org/@formatjs/icu-messageformat-parser/-/icu-messageformat-parser-2.7.5.tgz",
      "integrity": "sha512-zCB53HdGDibh6/2ISEN3TGsFQruQ6gGKMFV94qHNyVrs0tNO6ncKhV0vq0n3Ydz8ipIQ2GaYAvfCoimNOVvKqA==",
      "dependencies": {
        "@formatjs/ecma402-abstract": "1.18.2",
        "@formatjs/icu-skeleton-parser": "1.7.2",
        "tslib": "^2.4.0"
      }
    },
    "node_modules/@formatjs/icu-skeleton-parser": {
      "version": "1.7.2",
      "resolved": "https://registry.npmjs.org/@formatjs/icu-skeleton-parser/-/icu-skeleton-parser-1.7.2.tgz",
      "integrity": "sha512-nlIXVv280bjGW3ail5Np1+xgGKBnMhwQQIivgbk9xX0af8ESQO+y2VW9TOY7mCrs3WH786uVpZlLimXAlXH7SA==",
      "dependencies": {
        "@formatjs/ecma402-abstract": "1.18.2",
        "tslib": "^2.4.0"
      }
    },
    "node_modules/@formatjs/intl-localematcher": {
      "version": "0.5.4",
      "resolved": "https://registry.npmjs.org/@formatjs/intl-localematcher/-/intl-localematcher-0.5.4.tgz",
      "integrity": "sha512-zTwEpWOzZ2CiKcB93BLngUX59hQkuZjT2+SAQEscSm52peDW/getsawMcWF1rGRpMCX6D7nSJA3CzJ8gn13N/g==",
      "dependencies": {
        "tslib": "^2.4.0"
      }
    },
    "node_modules/@internationalized/date": {
      "version": "3.5.1",
      "resolved": "https://registry.npmjs.org/@internationalized/date/-/date-3.5.1.tgz",
      "integrity": "sha512-LUQIfwU9e+Fmutc/DpRTGXSdgYZLBegi4wygCWDSVmUdLTaMHsQyASDiJtREwanwKuQLq0hY76fCJ9J/9I2xOQ==",
      "dependencies": {
        "@swc/helpers": "^0.5.0"
      }
    },
    "node_modules/@internationalized/message": {
      "version": "3.1.1",
      "resolved": "https://registry.npmjs.org/@internationalized/message/-/message-3.1.1.tgz",
      "integrity": "sha512-ZgHxf5HAPIaR0th+w0RUD62yF6vxitjlprSxmLJ1tam7FOekqRSDELMg4Cr/DdszG5YLsp5BG3FgHgqquQZbqw==",
      "dependencies": {
        "@swc/helpers": "^0.5.0",
        "intl-messageformat": "^10.1.0"
      }
    },
    "node_modules/@internationalized/number": {
      "version": "3.5.0",
      "resolved": "https://registry.npmjs.org/@internationalized/number/-/number-3.5.0.tgz",
      "integrity": "sha512-ZY1BW8HT9WKYvaubbuqXbbDdHhOUMfE2zHHFJeTppid0S+pc8HtdIxFxaYMsGjCb4UsF+MEJ4n2TfU7iHnUK8w==",
      "dependencies": {
        "@swc/helpers": "^0.5.0"
      }
    },
    "node_modules/@internationalized/string": {
      "version": "3.2.0",
      "resolved": "https://registry.npmjs.org/@internationalized/string/-/string-3.2.0.tgz",
      "integrity": "sha512-Xx3Sy3f2c9ctT+vh8c7euEaEHQZltp0euZ3Hy4UfT3E13r6lxpUS3kgKyumEjboJZSnaZv7JhqWz3D75v+IxQg==",
      "dependencies": {
        "@swc/helpers": "^0.5.0"
      }
    },
    "node_modules/@react-aria/button": {
      "version": "3.9.1",
      "resolved": "https://registry.npmjs.org/@react-aria/button/-/button-3.9.1.tgz",
      "integrity": "sha512-nAnLMUAnwIVcRkKzS1G2IU6LZSkIWPJGu9amz/g7Y02cGUwFp3lk5bEw2LdoaXiSDJNSX8g0SZFU8FROg57jfQ==",
      "dependencies": {
        "@react-aria/focus": "^3.16.0",
        "@react-aria/interactions": "^3.20.1",
        "@react-aria/utils": "^3.23.0",
        "@react-stately/toggle": "^3.7.0",
        "@react-types/button": "^3.9.1",
        "@react-types/shared": "^3.22.0",
        "@swc/helpers": "^0.5.0"
      },
      "peerDependencies": {
        "react": "^16.8.0 || ^17.0.0-rc.1 || ^18.0.0"
      }
    },
    "node_modules/@react-aria/combobox": {
      "version": "3.8.2",
      "resolved": "https://registry.npmjs.org/@react-aria/combobox/-/combobox-3.8.2.tgz",
      "integrity": "sha512-q8Kdw1mx6nSSydXqRagRuyKH1NPGvpSOFjUfgxdO8ZqaEEuZX3ObOoiO/DLtXDndViNc03dMbMpfuJoLYXfCtg==",
      "dependencies": {
        "@react-aria/i18n": "^3.10.0",
        "@react-aria/listbox": "^3.11.3",
        "@react-aria/live-announcer": "^3.3.1",
        "@react-aria/menu": "^3.12.0",
        "@react-aria/overlays": "^3.20.0",
        "@react-aria/selection": "^3.17.3",
        "@react-aria/textfield": "^3.14.1",
        "@react-aria/utils": "^3.23.0",
        "@react-stately/collections": "^3.10.4",
        "@react-stately/combobox": "^3.8.1",
        "@react-stately/form": "^3.0.0",
        "@react-types/button": "^3.9.1",
        "@react-types/combobox": "^3.10.0",
        "@react-types/shared": "^3.22.0",
        "@swc/helpers": "^0.5.0"
      },
      "peerDependencies": {
        "react": "^16.8.0 || ^17.0.0-rc.1 || ^18.0.0",
        "react-dom": "^16.8.0 || ^17.0.0-rc.1 || ^18.0.0"
      }
    },
    "node_modules/@react-aria/focus": {
      "version": "3.16.0",
      "resolved": "https://registry.npmjs.org/@react-aria/focus/-/focus-3.16.0.tgz",
      "integrity": "sha512-GP6EYI07E8NKQQcXHjpIocEU0vh0oi0Vcsd+/71fKS0NnTR0TUOEeil0JuuQ9ymkmPDTu51Aaaa4FxVsuN/23A==",
      "dependencies": {
        "@react-aria/interactions": "^3.20.1",
        "@react-aria/utils": "^3.23.0",
        "@react-types/shared": "^3.22.0",
        "@swc/helpers": "^0.5.0",
        "clsx": "^2.0.0"
      },
      "peerDependencies": {
        "react": "^16.8.0 || ^17.0.0-rc.1 || ^18.0.0"
      }
    },
    "node_modules/@react-aria/form": {
      "version": "3.0.1",
      "resolved": "https://registry.npmjs.org/@react-aria/form/-/form-3.0.1.tgz",
      "integrity": "sha512-6586oODMDR4/ciGRwXjpvEAg7tWGSDrXE//waK0n5e5sMuzlPOo1DHc5SpPTvz0XdJsu6VDt2rHdVWVIC9LEyw==",
      "dependencies": {
        "@react-aria/interactions": "^3.20.1",
        "@react-aria/utils": "^3.23.0",
        "@react-stately/form": "^3.0.0",
        "@react-types/shared": "^3.22.0",
        "@swc/helpers": "^0.5.0"
      },
      "peerDependencies": {
        "react": "^16.8.0 || ^17.0.0-rc.1 || ^18.0.0"
      }
    },
    "node_modules/@react-aria/i18n": {
      "version": "3.10.0",
      "resolved": "https://registry.npmjs.org/@react-aria/i18n/-/i18n-3.10.0.tgz",
      "integrity": "sha512-sviD5Y1pLPG49HHRmVjR+5nONrp0HK219+nu9Y7cDfUhXu2EjyhMS9t/n9/VZ69hHChZ2PnHYLEE2visu9CuCg==",
      "dependencies": {
        "@internationalized/date": "^3.5.1",
        "@internationalized/message": "^3.1.1",
        "@internationalized/number": "^3.5.0",
        "@internationalized/string": "^3.2.0",
        "@react-aria/ssr": "^3.9.1",
        "@react-aria/utils": "^3.23.0",
        "@react-types/shared": "^3.22.0",
        "@swc/helpers": "^0.5.0"
      },
      "peerDependencies": {
        "react": "^16.8.0 || ^17.0.0-rc.1 || ^18.0.0"
      }
    },
    "node_modules/@react-aria/interactions": {
      "version": "3.20.1",
      "resolved": "https://registry.npmjs.org/@react-aria/interactions/-/interactions-3.20.1.tgz",
      "integrity": "sha512-PLNBr87+SzRhe9PvvF9qvzYeP4ofTwfKSorwmO+hjr3qoczrSXf4LRQlb27wB6hF10C7ZE/XVbUI1lj4QQrZ/g==",
      "dependencies": {
        "@react-aria/ssr": "^3.9.1",
        "@react-aria/utils": "^3.23.0",
        "@react-types/shared": "^3.22.0",
        "@swc/helpers": "^0.5.0"
      },
      "peerDependencies": {
        "react": "^16.8.0 || ^17.0.0-rc.1 || ^18.0.0"
      }
    },
    "node_modules/@react-aria/label": {
      "version": "3.7.4",
      "resolved": "https://registry.npmjs.org/@react-aria/label/-/label-3.7.4.tgz",
      "integrity": "sha512-3Y0yyrqpLzZdzHw+TOyzwuyx5wa2ujU5DGfKuL5GFnU9Ii4DtdwBGSYS7Yu7qadU+eQmG4OGhAgFVswbIgIwJw==",
      "dependencies": {
        "@react-aria/utils": "^3.23.0",
        "@react-types/shared": "^3.22.0",
        "@swc/helpers": "^0.5.0"
      },
      "peerDependencies": {
        "react": "^16.8.0 || ^17.0.0-rc.1 || ^18.0.0"
      }
    },
    "node_modules/@react-aria/listbox": {
      "version": "3.11.3",
      "resolved": "https://registry.npmjs.org/@react-aria/listbox/-/listbox-3.11.3.tgz",
      "integrity": "sha512-PBrnldmyEYUUJvfDeljW8ITvZyBTfGpLNf0b5kfBPK3TDgRH4niEH2vYEcaZvSqb0FrpdvcunuTRXcOpfb+gCQ==",
      "dependencies": {
        "@react-aria/interactions": "^3.20.1",
        "@react-aria/label": "^3.7.4",
        "@react-aria/selection": "^3.17.3",
        "@react-aria/utils": "^3.23.0",
        "@react-stately/collections": "^3.10.4",
        "@react-stately/list": "^3.10.2",
        "@react-types/listbox": "^3.4.6",
        "@react-types/shared": "^3.22.0",
        "@swc/helpers": "^0.5.0"
      },
      "peerDependencies": {
        "react": "^16.8.0 || ^17.0.0-rc.1 || ^18.0.0",
        "react-dom": "^16.8.0 || ^17.0.0-rc.1 || ^18.0.0"
      }
    },
    "node_modules/@react-aria/live-announcer": {
      "version": "3.3.1",
      "resolved": "https://registry.npmjs.org/@react-aria/live-announcer/-/live-announcer-3.3.1.tgz",
      "integrity": "sha512-hsc77U7S16trM86d+peqJCOCQ7/smO1cybgdpOuzXyiwcHQw8RQ4GrXrS37P4Ux/44E9nMZkOwATQRT2aK8+Ew==",
      "dependencies": {
        "@swc/helpers": "^0.5.0"
      }
    },
    "node_modules/@react-aria/menu": {
      "version": "3.12.0",
      "resolved": "https://registry.npmjs.org/@react-aria/menu/-/menu-3.12.0.tgz",
      "integrity": "sha512-Nsujv3b61WR0gybDKnBjAeyxDVJOfPLMggRUf9SQDfPWnrPXEsAFxaPaVcAkzlfI4HiQs1IxNwsKFNpc3PPZTQ==",
      "dependencies": {
        "@react-aria/focus": "^3.16.0",
        "@react-aria/i18n": "^3.10.0",
        "@react-aria/interactions": "^3.20.1",
        "@react-aria/overlays": "^3.20.0",
        "@react-aria/selection": "^3.17.3",
        "@react-aria/utils": "^3.23.0",
        "@react-stately/collections": "^3.10.4",
        "@react-stately/menu": "^3.6.0",
        "@react-stately/tree": "^3.7.5",
        "@react-types/button": "^3.9.1",
        "@react-types/menu": "^3.9.6",
        "@react-types/shared": "^3.22.0",
        "@swc/helpers": "^0.5.0"
      },
      "peerDependencies": {
        "react": "^16.8.0 || ^17.0.0-rc.1 || ^18.0.0",
        "react-dom": "^16.8.0 || ^17.0.0-rc.1 || ^18.0.0"
      }
    },
    "node_modules/@react-aria/overlays": {
      "version": "3.20.0",
      "resolved": "https://registry.npmjs.org/@react-aria/overlays/-/overlays-3.20.0.tgz",
      "integrity": "sha512-2m7MpRJL5UucbEuu08lMHsiFJoDowkJV4JAIFBZYK1NzVH0vF/A+w9HRNM7jRwx2DUxE+iIsZnl8yKV/7KY8OQ==",
      "dependencies": {
        "@react-aria/focus": "^3.16.0",
        "@react-aria/i18n": "^3.10.0",
        "@react-aria/interactions": "^3.20.1",
        "@react-aria/ssr": "^3.9.1",
        "@react-aria/utils": "^3.23.0",
        "@react-aria/visually-hidden": "^3.8.8",
        "@react-stately/overlays": "^3.6.4",
        "@react-types/button": "^3.9.1",
        "@react-types/overlays": "^3.8.4",
        "@react-types/shared": "^3.22.0",
        "@swc/helpers": "^0.5.0"
      },
      "peerDependencies": {
        "react": "^16.8.0 || ^17.0.0-rc.1 || ^18.0.0",
        "react-dom": "^16.8.0 || ^17.0.0-rc.1 || ^18.0.0"
      }
    },
    "node_modules/@react-aria/searchfield": {
      "version": "3.7.1",
      "resolved": "https://registry.npmjs.org/@react-aria/searchfield/-/searchfield-3.7.1.tgz",
      "integrity": "sha512-ebhnV/reNByIZzpcQLHIo1RQ+BrYS8HdwX624i9R7dep1gxGHXYEaqL9aSY+RdngNerB4OeiWmB75em9beSpjQ==",
      "dependencies": {
        "@react-aria/i18n": "^3.10.0",
        "@react-aria/textfield": "^3.14.1",
        "@react-aria/utils": "^3.23.0",
        "@react-stately/searchfield": "^3.5.0",
        "@react-types/button": "^3.9.1",
        "@react-types/searchfield": "^3.5.2",
        "@react-types/shared": "^3.22.0",
        "@swc/helpers": "^0.5.0"
      },
      "peerDependencies": {
        "react": "^16.8.0 || ^17.0.0-rc.1 || ^18.0.0"
      }
    },
    "node_modules/@react-aria/selection": {
      "version": "3.17.3",
      "resolved": "https://registry.npmjs.org/@react-aria/selection/-/selection-3.17.3.tgz",
      "integrity": "sha512-xl2sgeGH61ngQeE05WOWWPVpGRTPMjQEFmsAWEprArFi4Z7ihSZgpGX22l1w7uSmtXM/eN/v0W8hUYUju5iXlQ==",
      "dependencies": {
        "@react-aria/focus": "^3.16.0",
        "@react-aria/i18n": "^3.10.0",
        "@react-aria/interactions": "^3.20.1",
        "@react-aria/utils": "^3.23.0",
        "@react-stately/selection": "^3.14.2",
        "@react-types/shared": "^3.22.0",
        "@swc/helpers": "^0.5.0"
      },
      "peerDependencies": {
        "react": "^16.8.0 || ^17.0.0-rc.1 || ^18.0.0",
        "react-dom": "^16.8.0 || ^17.0.0-rc.1 || ^18.0.0"
      }
    },
    "node_modules/@react-aria/ssr": {
      "version": "3.9.1",
      "resolved": "https://registry.npmjs.org/@react-aria/ssr/-/ssr-3.9.1.tgz",
      "integrity": "sha512-NqzkLFP8ZVI4GSorS0AYljC13QW2sc8bDqJOkBvkAt3M8gbcAXJWVRGtZBCRscki9RZF+rNlnPdg0G0jYkhJcg==",
      "dependencies": {
        "@swc/helpers": "^0.5.0"
      },
      "engines": {
        "node": ">= 12"
      },
      "peerDependencies": {
        "react": "^16.8.0 || ^17.0.0-rc.1 || ^18.0.0"
      }
    },
    "node_modules/@react-aria/textfield": {
      "version": "3.14.1",
      "resolved": "https://registry.npmjs.org/@react-aria/textfield/-/textfield-3.14.1.tgz",
      "integrity": "sha512-UMepuYtDdCgrUF4dMphNxrUm23xOmR54aZD1pbp9cJyfioVkJN35BTXZVkD0D07gHLn4RhxKIZxBortQQrLB9g==",
      "dependencies": {
        "@react-aria/focus": "^3.16.0",
        "@react-aria/form": "^3.0.1",
        "@react-aria/label": "^3.7.4",
        "@react-aria/utils": "^3.23.0",
        "@react-stately/form": "^3.0.0",
        "@react-stately/utils": "^3.9.0",
        "@react-types/shared": "^3.22.0",
        "@react-types/textfield": "^3.9.0",
        "@swc/helpers": "^0.5.0"
      },
      "peerDependencies": {
        "react": "^16.8.0 || ^17.0.0-rc.1 || ^18.0.0"
      }
    },
    "node_modules/@react-aria/utils": {
      "version": "3.23.0",
      "resolved": "https://registry.npmjs.org/@react-aria/utils/-/utils-3.23.0.tgz",
      "integrity": "sha512-fJA63/VU4iQNT8WUvrmll3kvToqMurD69CcgVmbQ56V7ZbvlzFi44E7BpnoaofScYLLtFWRjVdaHsohT6O/big==",
      "dependencies": {
        "@react-aria/ssr": "^3.9.1",
        "@react-stately/utils": "^3.9.0",
        "@react-types/shared": "^3.22.0",
        "@swc/helpers": "^0.5.0",
        "clsx": "^2.0.0"
      },
      "peerDependencies": {
        "react": "^16.8.0 || ^17.0.0-rc.1 || ^18.0.0"
      }
    },
    "node_modules/@react-aria/visually-hidden": {
      "version": "3.8.8",
      "resolved": "https://registry.npmjs.org/@react-aria/visually-hidden/-/visually-hidden-3.8.8.tgz",
      "integrity": "sha512-Cn2PYKD4ijGDtF0+dvsh8qa4y7KTNAlkTG6h20r8Q+6UTyRNmtE2/26QEaApRF8CBiNy9/BZC/ZC4FK2OjvCoA==",
      "dependencies": {
        "@react-aria/interactions": "^3.20.1",
        "@react-aria/utils": "^3.23.0",
        "@react-types/shared": "^3.22.0",
        "@swc/helpers": "^0.5.0"
      },
      "peerDependencies": {
        "react": "^16.8.0 || ^17.0.0-rc.1 || ^18.0.0"
      }
    },
    "node_modules/@react-stately/collections": {
      "version": "3.10.4",
      "resolved": "https://registry.npmjs.org/@react-stately/collections/-/collections-3.10.4.tgz",
      "integrity": "sha512-OHhCrItGt4zB2bSrgObRo0H2SC7QlkH8ReGxo+NVIWchXRLRoiWBP7S+IwleewEo5gOqDVPY3hqA9n4iiI8twg==",
      "dependencies": {
        "@react-types/shared": "^3.22.0",
        "@swc/helpers": "^0.5.0"
      },
      "peerDependencies": {
        "react": "^16.8.0 || ^17.0.0-rc.1 || ^18.0.0"
      }
    },
    "node_modules/@react-stately/combobox": {
      "version": "3.8.1",
      "resolved": "https://registry.npmjs.org/@react-stately/combobox/-/combobox-3.8.1.tgz",
      "integrity": "sha512-FaWkqTXQdWg7ptaeU4iPcqF/kxbRg2ZNUcvW/hiL/enciV5tRCsddvfNqvDvy1L30z9AUwlp9MWqzm/DhBITCw==",
      "dependencies": {
        "@react-stately/collections": "^3.10.4",
        "@react-stately/form": "^3.0.0",
        "@react-stately/list": "^3.10.2",
        "@react-stately/overlays": "^3.6.4",
        "@react-stately/select": "^3.6.1",
        "@react-stately/utils": "^3.9.0",
        "@react-types/combobox": "^3.10.0",
        "@react-types/shared": "^3.22.0",
        "@swc/helpers": "^0.5.0"
      },
      "peerDependencies": {
        "react": "^16.8.0 || ^17.0.0-rc.1 || ^18.0.0"
      }
    },
    "node_modules/@react-stately/form": {
      "version": "3.0.0",
      "resolved": "https://registry.npmjs.org/@react-stately/form/-/form-3.0.0.tgz",
      "integrity": "sha512-C8wkfFmtx1escizibhdka5JvTy9/Vp173CS9cakjvWTmnjYYC1nOlzwp7BsYWTgerCFbRY/BU/Cf/bJDxPiUKQ==",
      "dependencies": {
        "@react-types/shared": "^3.22.0",
        "@swc/helpers": "^0.5.0"
      },
      "peerDependencies": {
        "react": "^16.8.0 || ^17.0.0-rc.1 || ^18.0.0"
      }
    },
    "node_modules/@react-stately/list": {
      "version": "3.10.2",
      "resolved": "https://registry.npmjs.org/@react-stately/list/-/list-3.10.2.tgz",
      "integrity": "sha512-INt+zofkIg2KN8B95xPi9pJG7ZFWAm30oIm/lCPBqM3K1Nm03/QaAbiQj2QeJcOsG3lb7oqI6D6iwTolwJkjIQ==",
      "dependencies": {
        "@react-stately/collections": "^3.10.4",
        "@react-stately/selection": "^3.14.2",
        "@react-stately/utils": "^3.9.0",
        "@react-types/shared": "^3.22.0",
        "@swc/helpers": "^0.5.0"
      },
      "peerDependencies": {
        "react": "^16.8.0 || ^17.0.0-rc.1 || ^18.0.0"
      }
    },
    "node_modules/@react-stately/menu": {
      "version": "3.6.0",
      "resolved": "https://registry.npmjs.org/@react-stately/menu/-/menu-3.6.0.tgz",
      "integrity": "sha512-OB6CjNyfOkAuirqx1oTL8z8epS9WDzLyrXjmRnxdiCU9EgRXLGAQNECuO7VIpl58oDry8tgRJiJ8fn8FivWSQA==",
      "dependencies": {
        "@react-stately/overlays": "^3.6.4",
        "@react-types/menu": "^3.9.6",
        "@react-types/shared": "^3.22.0",
        "@swc/helpers": "^0.5.0"
      },
      "peerDependencies": {
        "react": "^16.8.0 || ^17.0.0-rc.1 || ^18.0.0"
      }
    },
    "node_modules/@react-stately/overlays": {
      "version": "3.6.4",
      "resolved": "https://registry.npmjs.org/@react-stately/overlays/-/overlays-3.6.4.tgz",
      "integrity": "sha512-tHEaoAGpE9dSnsskqLPVKum59yGteoSqsniTopodM+miQozbpPlSjdiQnzGLroy5Afx5OZYClE616muNHUILXA==",
      "dependencies": {
        "@react-stately/utils": "^3.9.0",
        "@react-types/overlays": "^3.8.4",
        "@swc/helpers": "^0.5.0"
      },
      "peerDependencies": {
        "react": "^16.8.0 || ^17.0.0-rc.1 || ^18.0.0"
      }
    },
    "node_modules/@react-stately/searchfield": {
      "version": "3.5.0",
      "resolved": "https://registry.npmjs.org/@react-stately/searchfield/-/searchfield-3.5.0.tgz",
      "integrity": "sha512-SStjChkn/33pEn40slKQPnBnmQYyxVazVwPjiBkdeVejC42lUVairUTrGJgF0PNoZTbxn0so2/XzjqTC9T8iCw==",
      "dependencies": {
        "@react-stately/utils": "^3.9.0",
        "@react-types/searchfield": "^3.5.2",
        "@swc/helpers": "^0.5.0"
      },
      "peerDependencies": {
        "react": "^16.8.0 || ^17.0.0-rc.1 || ^18.0.0"
      }
    },
    "node_modules/@react-stately/select": {
      "version": "3.6.1",
      "resolved": "https://registry.npmjs.org/@react-stately/select/-/select-3.6.1.tgz",
      "integrity": "sha512-e5ixtLiYLlFWM8z1msDqXWhflF9esIRfroptZsltMn1lt2iImUlDRlOTZlMtPQzUrDWoiHXRX88sSKUM/jXjQQ==",
      "dependencies": {
        "@react-stately/form": "^3.0.0",
        "@react-stately/list": "^3.10.2",
        "@react-stately/overlays": "^3.6.4",
        "@react-types/select": "^3.9.1",
        "@react-types/shared": "^3.22.0",
        "@swc/helpers": "^0.5.0"
      },
      "peerDependencies": {
        "react": "^16.8.0 || ^17.0.0-rc.1 || ^18.0.0"
      }
    },
    "node_modules/@react-stately/selection": {
      "version": "3.14.2",
      "resolved": "https://registry.npmjs.org/@react-stately/selection/-/selection-3.14.2.tgz",
      "integrity": "sha512-mL7OoiUgVWaaF7ks5XSxgbXeShijYmD4G3bkBHhqkpugU600QH6BM2hloCq8KOUupk1y8oTljPtF9EmCv375DA==",
      "dependencies": {
        "@react-stately/collections": "^3.10.4",
        "@react-stately/utils": "^3.9.0",
        "@react-types/shared": "^3.22.0",
        "@swc/helpers": "^0.5.0"
      },
      "peerDependencies": {
        "react": "^16.8.0 || ^17.0.0-rc.1 || ^18.0.0"
      }
    },
    "node_modules/@react-stately/toggle": {
      "version": "3.7.0",
      "resolved": "https://registry.npmjs.org/@react-stately/toggle/-/toggle-3.7.0.tgz",
      "integrity": "sha512-TRksHkCJk/Xogq4181g3CYgJf+EfsJCqX5UZDSw1Z1Kgpvonjmdf6FAfQfCh9QR2OuXUL6hOLUDVLte5OPI+5g==",
      "dependencies": {
        "@react-stately/utils": "^3.9.0",
        "@react-types/checkbox": "^3.6.0",
        "@swc/helpers": "^0.5.0"
      },
      "peerDependencies": {
        "react": "^16.8.0 || ^17.0.0-rc.1 || ^18.0.0"
      }
    },
    "node_modules/@react-stately/tree": {
      "version": "3.7.5",
      "resolved": "https://registry.npmjs.org/@react-stately/tree/-/tree-3.7.5.tgz",
      "integrity": "sha512-xTJVwvhAeY0N5rui4N/TxN7f8hjXdqApDuGDxMZeFAWoQz8Abf7LFKBVQ3OkT6qVr7P+23dgoisUDBhD5a45Hg==",
      "dependencies": {
        "@react-stately/collections": "^3.10.4",
        "@react-stately/selection": "^3.14.2",
        "@react-stately/utils": "^3.9.0",
        "@react-types/shared": "^3.22.0",
        "@swc/helpers": "^0.5.0"
      },
      "peerDependencies": {
        "react": "^16.8.0 || ^17.0.0-rc.1 || ^18.0.0"
      }
    },
    "node_modules/@react-stately/utils": {
      "version": "3.9.0",
      "resolved": "https://registry.npmjs.org/@react-stately/utils/-/utils-3.9.0.tgz",
      "integrity": "sha512-yPKFY1F88HxuZ15BG2qwAYxtpE4HnIU0Ofi4CuBE0xC6I8mwo4OQjDzi+DZjxQngM9D6AeTTD6F1V8gkozA0Gw==",
      "dependencies": {
        "@swc/helpers": "^0.5.0"
      },
      "peerDependencies": {
        "react": "^16.8.0 || ^17.0.0-rc.1 || ^18.0.0"
      }
    },
    "node_modules/@react-types/button": {
      "version": "3.9.1",
      "resolved": "https://registry.npmjs.org/@react-types/button/-/button-3.9.1.tgz",
      "integrity": "sha512-bf9iTar3PtqnyV9rA+wyFyrskZKhwmOuOd/ifYIjPs56YNVXWH5Wfqj6Dx3xdFBgtKx8mEVQxVhoX+WkHX+rtw==",
      "dependencies": {
        "@react-types/shared": "^3.22.0"
      },
      "peerDependencies": {
        "react": "^16.8.0 || ^17.0.0-rc.1 || ^18.0.0"
      }
    },
    "node_modules/@react-types/checkbox": {
      "version": "3.6.0",
      "resolved": "https://registry.npmjs.org/@react-types/checkbox/-/checkbox-3.6.0.tgz",
      "integrity": "sha512-vgbuJzQpVCNT5AZWV0OozXCnihqrXxoZKfJFIw0xro47pT2sn3t5UC4RA9wfjDGMoK4frw1K/4HQLsQIOsPBkw==",
      "dependencies": {
        "@react-types/shared": "^3.22.0"
      },
      "peerDependencies": {
        "react": "^16.8.0 || ^17.0.0-rc.1 || ^18.0.0"
      }
    },
    "node_modules/@react-types/combobox": {
      "version": "3.10.0",
      "resolved": "https://registry.npmjs.org/@react-types/combobox/-/combobox-3.10.0.tgz",
      "integrity": "sha512-1IXSNS02TPbguyYopaW2snU6sZusbClHrEyVr4zPeexTV4kpUUBNXOzFQ+eSQRR0r2XW57Z0yRW4GJ6FGU0yCA==",
      "dependencies": {
        "@react-types/shared": "^3.22.0"
      },
      "peerDependencies": {
        "react": "^16.8.0 || ^17.0.0-rc.1 || ^18.0.0"
      }
    },
    "node_modules/@react-types/listbox": {
      "version": "3.4.6",
      "resolved": "https://registry.npmjs.org/@react-types/listbox/-/listbox-3.4.6.tgz",
      "integrity": "sha512-XOQvrTqNh5WIPDvKiWiep8T07RAsMfjAXTjDbnjxVlKACUXkcwpts9kFaLnJ9LJRFt6DwItfP+WMkzvmx63/NQ==",
      "dependencies": {
        "@react-types/shared": "^3.22.0"
      },
      "peerDependencies": {
        "react": "^16.8.0 || ^17.0.0-rc.1 || ^18.0.0"
      }
    },
    "node_modules/@react-types/menu": {
      "version": "3.9.6",
      "resolved": "https://registry.npmjs.org/@react-types/menu/-/menu-3.9.6.tgz",
      "integrity": "sha512-w/RbFInOf4nNayQDv5c2L8IMJbcFOkBhsT3xvvpTy+CHvJcQdjggwaV1sRiw7eF/PwB81k2CwigmidUzHJhKDg==",
      "dependencies": {
        "@react-types/overlays": "^3.8.4",
        "@react-types/shared": "^3.22.0"
      },
      "peerDependencies": {
        "react": "^16.8.0 || ^17.0.0-rc.1 || ^18.0.0"
      }
    },
    "node_modules/@react-types/overlays": {
      "version": "3.8.4",
      "resolved": "https://registry.npmjs.org/@react-types/overlays/-/overlays-3.8.4.tgz",
      "integrity": "sha512-pfgNlQnbF6RB/R2oSxyqAP3Uzz0xE/k5q4n5gUeCDNLjY5qxFHGE8xniZZ503nZYw6VBa9XMN1efDOKQyeiO0w==",
      "dependencies": {
        "@react-types/shared": "^3.22.0"
      },
      "peerDependencies": {
        "react": "^16.8.0 || ^17.0.0-rc.1 || ^18.0.0"
      }
    },
    "node_modules/@react-types/searchfield": {
      "version": "3.5.2",
      "resolved": "https://registry.npmjs.org/@react-types/searchfield/-/searchfield-3.5.2.tgz",
      "integrity": "sha512-JAK2/Kg4Dr393FYfbRw0TlXKnJPX77sq1x/ZBxtO6p64+MuuIYKqw0i9PwDlo1PViw2QI5u8GFhKA2TgemY9uA==",
      "dependencies": {
        "@react-types/shared": "^3.22.0",
        "@react-types/textfield": "^3.9.0"
      },
      "peerDependencies": {
        "react": "^16.8.0 || ^17.0.0-rc.1 || ^18.0.0"
      }
    },
    "node_modules/@react-types/select": {
      "version": "3.9.1",
      "resolved": "https://registry.npmjs.org/@react-types/select/-/select-3.9.1.tgz",
      "integrity": "sha512-EpKSxrnh8HdZvOF9dHQkjivAcdIp1K81FaxmvosH8Lygqh0iYXxAdZGtKLMyBoPI8YFhA+rotIzTcOqgCCnqWA==",
      "dependencies": {
        "@react-types/shared": "^3.22.0"
      },
      "peerDependencies": {
        "react": "^16.8.0 || ^17.0.0-rc.1 || ^18.0.0"
      }
    },
    "node_modules/@react-types/shared": {
      "version": "3.22.0",
      "resolved": "https://registry.npmjs.org/@react-types/shared/-/shared-3.22.0.tgz",
      "integrity": "sha512-yVOekZWbtSmmiThGEIARbBpnmUIuePFlLyctjvCbgJgGhz8JnEJOipLQ/a4anaWfzAgzSceQP8j/K+VOOePleA==",
      "peerDependencies": {
        "react": "^16.8.0 || ^17.0.0-rc.1 || ^18.0.0"
      }
    },
    "node_modules/@react-types/textfield": {
      "version": "3.9.0",
      "resolved": "https://registry.npmjs.org/@react-types/textfield/-/textfield-3.9.0.tgz",
      "integrity": "sha512-D/DiwzsfkwlAg3uv8hoIfwju+zhB/hWDEdTvxQbPkntDr0kmN/QfI17NMSzbOBCInC4ABX87ViXLGxr940ykGA==",
      "dependencies": {
        "@react-types/shared": "^3.22.0"
      },
      "peerDependencies": {
        "react": "^16.8.0 || ^17.0.0-rc.1 || ^18.0.0"
      }
    },
    "node_modules/@swc/helpers": {
      "version": "0.5.3",
      "resolved": "https://registry.npmjs.org/@swc/helpers/-/helpers-0.5.3.tgz",
      "integrity": "sha512-FaruWX6KdudYloq1AHD/4nU+UsMTdNE8CKyrseXWEcgjDAbvkwJg2QGPAnfIJLIWsjZOSPLOAykK6fuYp4vp4A==",
      "dependencies": {
        "tslib": "^2.4.0"
      }
    },
    "node_modules/clsx": {
      "version": "2.1.0",
      "resolved": "https://registry.npmjs.org/clsx/-/clsx-2.1.0.tgz",
      "integrity": "sha512-m3iNNWpd9rl3jvvcBnu70ylMdrXt8Vlq4HYadnU5fwcOtvkSQWPmj7amUcDT2qYI7risszBjI5AUIUox9D16pg==",
      "engines": {
        "node": ">=6"
      }
    },
    "node_modules/intl-messageformat": {
      "version": "10.5.10",
      "resolved": "https://registry.npmjs.org/intl-messageformat/-/intl-messageformat-10.5.10.tgz",
      "integrity": "sha512-3yzwX6t/my9WRtNiqP05r+/UkpWxwstQiwaHAiuHmDRt7ykzWJ+nceOVjNLZYYWGiSltY+C+Likd8OIVkASepw==",
      "dependencies": {
        "@formatjs/ecma402-abstract": "1.18.2",
        "@formatjs/fast-memoize": "2.2.0",
        "@formatjs/icu-messageformat-parser": "2.7.5",
        "tslib": "^2.4.0"
      }
    },
    "node_modules/js-tokens": {
      "version": "4.0.0",
      "resolved": "https://registry.npmjs.org/js-tokens/-/js-tokens-4.0.0.tgz",
      "integrity": "sha512-RdJUflcE3cUzKiMqQgsCu06FPu9UdIJO0beYbPhHN4k6apgJtifcoCtT9bcxOpYBtpD2kCM6Sbzg4CausW/PKQ==",
      "peer": true
    },
    "node_modules/loose-envify": {
      "version": "1.4.0",
      "resolved": "https://registry.npmjs.org/loose-envify/-/loose-envify-1.4.0.tgz",
      "integrity": "sha512-lyuxPGr/Wfhrlem2CL/UcnUc1zcqKAImBDzukY7Y5F/yQiNdko6+fRLevlw1HgMySw7f611UIY408EtxRSoK3Q==",
      "peer": true,
      "dependencies": {
        "js-tokens": "^3.0.0 || ^4.0.0"
      },
      "bin": {
        "loose-envify": "cli.js"
      }
    },
    "node_modules/react": {
      "version": "18.2.0",
      "resolved": "https://registry.npmjs.org/react/-/react-18.2.0.tgz",
      "integrity": "sha512-/3IjMdb2L9QbBdWiW5e3P2/npwMBaU9mHCSCUzNln0ZCYbcfTsGbTJrU/kGemdH2IWmB2ioZ+zkxtmq6g09fGQ==",
      "peer": true,
      "dependencies": {
        "loose-envify": "^1.1.0"
      },
      "engines": {
        "node": ">=0.10.0"
      }
    },
    "node_modules/react-dom": {
      "version": "18.2.0",
      "resolved": "https://registry.npmjs.org/react-dom/-/react-dom-18.2.0.tgz",
      "integrity": "sha512-6IMTriUmvsjHUjNtEDudZfuDQUoWXVxKHhlEGSk81n4YFS+r/Kl99wXiwlVXtPBtJenozv2P+hxDsw9eA7Xo6g==",
      "peer": true,
      "dependencies": {
        "loose-envify": "^1.1.0",
        "scheduler": "^0.23.0"
      },
      "peerDependencies": {
        "react": "^18.2.0"
      }
    },
    "node_modules/scheduler": {
      "version": "0.23.0",
      "resolved": "https://registry.npmjs.org/scheduler/-/scheduler-0.23.0.tgz",
      "integrity": "sha512-CtuThmgHNg7zIZWAXi3AsyIzA3n4xx7aNyjwC2VJldO2LMVDhFK+63xGqq6CsJH4rTAt6/M+N4GhZiDYPx9eUw==",
      "peer": true,
      "dependencies": {
        "loose-envify": "^1.1.0"
      }
    },
    "node_modules/tslib": {
      "version": "2.6.2",
      "resolved": "https://registry.npmjs.org/tslib/-/tslib-2.6.2.tgz",
      "integrity": "sha512-AEYxH93jGFPn/a2iVAwW87VuUIkR1FVUKB77NwMF7nBTDkDrrT/Hpt/IrCJ0QXhW27jTBDcf5ZY7w6RiqTMw2Q=="
    }
  }
}
